
Microsoft Visual Studio Solution File, Format Version 10.00
# Visual Studio 2008
Project("{FAE04EC0-301F-11D3-BF4B-00C04F79EFBC}") = "PandorasBox v 6.0", "PandorasBox\PandorasBox v 6.0.csproj", "{135FD933-74F8-4863-B943-F702FBEF4E67}"
EndProject
Global
	GlobalSection(SolutionConfigurationPlatforms) = preSolution
		Debug|Any CPU = Debug|Any CPU
		Release|Any CPU = Release|Any CPU
	EndGlobalSection
	GlobalSection(ProjectConfigurationPlatforms) = postSolution
		{135FD933-74F8-4863-B943-F702FBEF4E67}.Debug|Any CPU.ActiveCfg = Debug|Any CPU
		{135FD933-74F8-4863-B943-F702FBEF4E67}.Debug|Any CPU.Build.0 = Debug|Any CPU
		{135FD933-74F8-4863-B943-F702FBEF4E67}.Release|Any CPU.ActiveCfg = Release|Any CPU
		{135FD933-74F8-4863-B943-F702FBEF4E67}.Release|Any CPU.Build.0 = Release|Any CPU
	EndGlobalSection
	GlobalSection(SolutionProperties) = preSolution
		HideSolutionNode = FALSE
	EndGlobalSection
EndGlobal
